{
  "name": "advanced-rag",
  "version": "1.0.0",
  "lockfileVersion": 3,
  "requires": true,
  "packages": {
    "": {
      "name": "advanced-rag",
      "version": "1.0.0",
      "license": "ISC",
      "dependencies": {
        "@elastic/elasticsearch": "^8.19.2",
        "@langchain/community": "^1.1.29",
        "@langchain/core": "^1.2.10",
        "@langchain/langgraph": "^1.4.14",
        "@langchain/openai": "^1.5.12",
        "@langchain/textsplitters": "^1.0.1",
        "@zilliz/milvus2-sdk-node": "^3.0.5",
        "epub2": "^3.0.2",
        "html-to-text": "^10.0.1",
        "zod": "^4.6.2"
      }
    },
    "../../../../../../../node_modules/.pnpm/@langchain+community@1.1.29_3502965e012f90da7f404fb2aec1fb79/node_modules/@langchain/community": {
      "version": "1.1.29",
      "license": "MIT",
      "dependencies": {
        "@langchain/classic": "^1.0.27",
        "@langchain/openai": "^1.4.1",
        "binary-extensions": "^2.2.0",
        "flat": "^5.0.2",
        "js-yaml": "^4.1.1",
        "langsmith": ">=0.4.0 <1.0.0",
        "math-expression-evaluator": "^2.0.0",
        "uuid": "^14.0.0",
        "zod": "^3.25.76 || ^4"
      },
      "devDependencies": {
        "@arcjet/redact": "^v1.2.0",
        "@aws-crypto/sha256-js": "^5.0.0",
        "@aws-sdk/client-dynamodb": "^3.1001.0",
        "@aws-sdk/client-lambda": "^3.1001.0",
        "@aws-sdk/client-s3": "^3.1001.0",
        "@aws-sdk/client-sagemaker-runtime": "^3.1001.0",
        "@aws-sdk/client-sfn": "^3.1001.0",
        "@aws-sdk/credential-provider-node": "^3.972.10",
        "@aws-sdk/dsql-signer": "^3.844.0",
        "@aws-sdk/types": "^3.973.4",
        "@azure/search-documents": "^12.2.0",
        "@azure/storage-blob": "^12.31.0",
        "@browserbasehq/sdk": "^2.7.0",
        "@browserbasehq/stagehand": "^1.0.0",
        "@clickhouse/client": "^0.2.5",
        "@cloudflare/workers-types": "^4.20230922.0",
        "@datastax/astra-db-ts": "^2.1.2",
        "@elastic/elasticsearch": "^8.4.0",
        "@faker-js/faker": "8.4.1",
        "@getmetal/metal-sdk": "^7.7.1",
        "@getzep/zep-cloud": "^1.0.6",
        "@getzep/zep-js": "^2.0.2",
        "@gomomento/sdk-core": "^1.117.2",
        "@google-cloud/storage": "^7.19.0",
        "@gradientai/nodejs-sdk": "^1.2.0",
        "@huggingface/inference": "^4.13.14",
        "@huggingface/transformers": "^3.8.1",
        "@ibm-cloud/watsonx-ai": "^1.7.9",
        "@lancedb/lancedb": "^0.19.1",
        "@langchain/core": "^1.1.38",
        "@langchain/standard-tests": "0.0.23",
        "@langchain/tsconfig": "0.0.1",
        "@layerup/layerup-security": "^1.5.12",
        "@libsql/client": "^0.17.0",
        "@mendable/firecrawl-js": "^4.15.2",
        "@mlc-ai/web-llm": ">=0.2.62 <0.3.0",
        "@mozilla/readability": "^0.6.0",
        "@neondatabase/serverless": "^1.0.0",
        "@notionhq/client": "^5.11.1",
        "@opensearch-project/opensearch": "^2.2.0",
        "@planetscale/database": "^1.8.0",
        "@playwright/test": "^1.58.2",
        "@premai/prem-sdk": "^0.3.25",
        "@qdrant/js-client-rest": "^1.15.0",
        "@raycast/api": "^1.104.8",
        "@rockset/client": "^0.9.1",
        "@smithy/eventstream-codec": "^4.2.10",
        "@smithy/protocol-http": "^5.3.10",
        "@smithy/signature-v4": "^5.3.10",
        "@smithy/util-utf8": "^4.2.2",
        "@spider-cloud/spider-client": "^0.2.0",
        "@supabase/supabase-js": "^2.45.0",
        "@tensorflow-models/universal-sentence-encoder": "^1.3.3",
        "@tensorflow/tfjs-backend-cpu": "^4",
        "@tensorflow/tfjs-core": "^4.22.0",
        "@testcontainers/mariadb": "^11.12.0",
        "@tsconfig/recommended": "^1.0.2",
        "@types/better-sqlite3": "^7.6.10",
        "@types/crypto-js": "^4.2.2",
        "@types/d3-dsv": "^3.0.7",
        "@types/flat": "^5.0.2",
        "@types/html-to-text": "^9",
        "@types/js-yaml": "^4.0.9",
        "@types/jsdom": "^21.1.1",
        "@types/jsonwebtoken": "^9",
        "@types/lodash": "^4",
        "@types/mozilla-readability": "^0.2.1",
        "@types/pdf-parse": "^1.1.1",
        "@types/pg": "^8.11.0",
        "@types/pg-copy-streams": "^1.2.2",
        "@types/uuid": "^9",
        "@types/word-extractor": "^1",
        "@types/ws": "^8",
        "@upstash/ratelimit": "^2.0.8",
        "@upstash/redis": "^1.36.2",
        "@upstash/vector": "^1.2.1",
        "@vercel/kv": "^3.0.0",
        "@vercel/postgres": "^0.10.0",
        "@writerai/writer-sdk": "^3.6.0",
        "@xata.io/client": "^0.30.1",
        "@xenova/transformers": "^2.17.2",
        "@zilliz/milvus2-sdk-node": ">=2.3.5",
        "apify-client": "^2.22.2",
        "assemblyai": "^4.25.1",
        "azion": "^3.1.2",
        "better-sqlite3": "12.6.2",
        "cassandra-driver": "^4.7.2",
        "cborg": "^4.5.8",
        "cheerio": "^1.2.0",
        "chromadb": "^3.0.10",
        "closevector-common": "0.1.3",
        "closevector-node": "0.1.6",
        "closevector-web": "0.1.6",
        "cohere-ai": ">=6.0.0",
        "convex": "^1.32.0",
        "couchbase": "^4.6.1",
        "crypto-js": "^4.2.0",
        "d3-dsv": "^3.0.1",
        "datastore-core": "^11.0.2",
        "discord.js": "^14.25.1",
        "dotenv": "^16.6.1",
        "dpdm": "^3.14.0",
        "duck-duck-scrape": "^2.2.5",
        "epub2": "^3.0.1",
        "faiss-node": "^0.5.1",
        "fast-xml-parser": "^5.7.0",
        "firebase-admin": "^13.6.1",
        "google-auth-library": "^9.10.0",
        "googleapis": "^171.4.0",
        "graphql": "^16.6.0",
        "hdb": "0.19.8",
        "hnswlib-node": "^3.0.0",
        "html-to-text": "^9.0.5",
        "ibm-cloud-sdk-core": "^5.4.8",
        "ignore": "^7.0.5",
        "interface-datastore": "^9.0.2",
        "ioredis": "^5.3.2",
        "it-all": "^3.0.4",
        "jsdom": "^28.1.0",
        "jsonwebtoken": "^9.0.3",
        "lodash": "^4.17.23",
        "lunary": "^0.7.10",
        "mammoth": "^1.11.0",
        "mariadb": "^3.5.1",
        "mem0ai": "^2.2.4",
        "mongodb": "^6.17.0",
        "mysql2": "^3.19.1",
        "neo4j-driver": "^6.0.1",
        "node-llama-cpp": "3.18.1",
        "notion-to-md": "^3.1.0",
        "officeparser": "^6.0.4",
        "openai": "*",
        "pdf-parse": "^1.0.0 || ^2.0.0",
        "pg": "^8.11.0",
        "pg-copy-streams": "^7.0.0",
        "pickleparser": "^0.2.1",
        "playwright": "^1.58.2",
        "portkey-ai": "^3.0.3",
        "prettier": "^3.5.0",
        "puppeteer": "^24.38.0",
        "pyodide": "^0.29.3",
        "redis": "^4.6.6",
        "replicate": "^1.4.0",
        "sonix-speech-recognition": "^2.1.1",
        "srt-parser-2": "^1.2.3",
        "typeorm": "^0.3.28",
        "typescript": "~5.8.3",
        "typesense": "^3.0.1",
        "usearch": "^2.21.4",
        "vitest": "^3.2.4",
        "voy-search": "0.6.3",
        "weaviate-client": "^3.5.2",
        "word-extractor": "^1.0.4",
        "youtubei.js": "^16.0.1"
      },
      "engines": {
        "node": ">=20"
      },
      "peerDependencies": {
        "@arcjet/redact": "^v1.2.0",
        "@aws-crypto/sha256-js": "^5.0.0",
        "@aws-sdk/client-dynamodb": "^3.1001.0",
        "@aws-sdk/client-lambda": "^3.1001.0",
        "@aws-sdk/client-s3": "^3.1001.0",
        "@aws-sdk/client-sagemaker-runtime": "^3.1001.0",
        "@aws-sdk/client-sfn": "^3.1001.0",
        "@aws-sdk/credential-provider-node": "^3.388.0",
        "@azure/search-documents": "^12.2.0",
        "@azure/storage-blob": "^12.31.0",
        "@browserbasehq/sdk": "*",
        "@browserbasehq/stagehand": "^1.0.0",
        "@clickhouse/client": "^0.2.5",
        "@datastax/astra-db-ts": "^1.0.0",
        "@elastic/elasticsearch": "^8.4.0",
        "@getmetal/metal-sdk": "*",
        "@getzep/zep-cloud": "^1.0.6",
        "@getzep/zep-js": "^2.0.2",
        "@gomomento/sdk-core": "^1.117.2",
        "@google-cloud/storage": "^6.10.1 || ^7.7.0",
        "@gradientai/nodejs-sdk": "^1.2.0",
        "@huggingface/inference": "^4.13.14",
        "@huggingface/transformers": "^3.8.1",
        "@ibm-cloud/watsonx-ai": "*",
        "@lancedb/lancedb": "^0.19.1",
        "@langchain/core": "^1.1.38",
        "@layerup/layerup-security": "^1.5.12",
        "@libsql/client": "^0.17.0",
        "@mendable/firecrawl-js": "^4.15.2",
        "@mlc-ai/web-llm": "*",
        "@mozilla/readability": "*",
        "@neondatabase/serverless": "*",
        "@notionhq/client": "^5.11.1",
        "@opensearch-project/opensearch": "*",
        "@planetscale/database": "^1.8.0",
        "@premai/prem-sdk": "^0.3.25",
        "@raycast/api": "^1.55.2",
        "@rockset/client": "^0.9.1",
        "@smithy/eventstream-codec": "^4.2.10",
        "@smithy/protocol-http": "^5.3.10",
        "@smithy/signature-v4": "^5.3.10",
        "@smithy/util-utf8": "^4.2.2",
        "@spider-cloud/spider-client": "^0.2.0",
        "@supabase/supabase-js": "^2.45.0",
        "@tensorflow-models/universal-sentence-encoder": "*",
        "@tensorflow/tfjs-core": "*",
        "@upstash/ratelimit": "^1.1.3 || ^2.0.3",
        "@upstash/redis": "^1.20.6",
        "@upstash/vector": "^1.1.1",
        "@vercel/kv": "*",
        "@vercel/postgres": "*",
        "@writerai/writer-sdk": "^3.6.0",
        "@xata.io/client": "^0.30.1",
        "@zilliz/milvus2-sdk-node": ">=2.3.5",
        "apify-client": "^2.22.2",
        "assemblyai": "^4.25.1",
        "azion": "^3.1.2",
        "better-sqlite3": ">=9.4.0 <13.0.0",
        "cassandra-driver": "^4.7.2",
        "cborg": "^4.5.8",
        "cheerio": "^1.2.0",
        "chromadb": "*",
        "closevector-common": "0.1.3",
        "closevector-node": "0.1.6",
        "closevector-web": "0.1.6",
        "convex": "^1.32.0",
        "couchbase": "^4.6.1",
        "crypto-js": "^4.2.0",
        "d3-dsv": "^3.0.1",
        "discord.js": "^14.25.1",
        "duck-duck-scrape": "^2.2.5",
        "epub2": "^3.0.1",
        "faiss-node": "*",
        "fast-xml-parser": "*",
        "firebase-admin": "^13.6.1",
        "google-auth-library": "*",
        "googleapis": "*",
        "hnswlib-node": "^3.0.0",
        "html-to-text": "^9.0.5",
        "ibm-cloud-sdk-core": "*",
        "ignore": "^7.0.5",
        "interface-datastore": "^9.0.2",
        "ioredis": "^5.3.2",
        "it-all": "^3.0.4",
        "jsdom": "*",
        "jsonwebtoken": "^9.0.3",
        "lodash": "^4.17.23",
        "lunary": "^0.7.10",
        "mammoth": "^1.11.0",
        "mariadb": "^3.5.1",
        "mem0ai": "^2.2.4",
        "mysql2": "^3.19.1",
        "neo4j-driver": "*",
        "node-llama-cpp": ">=3.0.0",
        "notion-to-md": "^3.1.0",
        "officeparser": "^6.0.4",
        "openai": "*",
        "pdf-parse": "^1.0.0 || ^2.0.0",
        "pg": "^8.11.0",
        "pg-copy-streams": "^7.0.0",
        "pickleparser": "^0.2.1",
        "playwright": "^1.58.2",
        "portkey-ai": "^3.0.3",
        "puppeteer": "*",
        "pyodide": ">=0.24.1 <0.27.0",
        "replicate": "*",
        "sonix-speech-recognition": "^2.1.1",
        "srt-parser-2": "^1.2.3",
        "typeorm": "^0.3.28",
        "typesense": "^3.0.1",
        "usearch": "^1.1.1",
        "voy-search": "0.6.3",
        "word-extractor": "*",
        "ws": "^8.14.2",
        "youtubei.js": "*"
      },
      "peerDependenciesMeta": {
        "@arcjet/redact": {
          "optional": true
        },
        "@aws-crypto/sha256-js": {
          "optional": true
        },
        "@aws-sdk/client-dynamodb": {
          "optional": true
        },
        "@aws-sdk/client-lambda": {
          "optional": true
        },
        "@aws-sdk/client-s3": {
          "optional": true
        },
        "@aws-sdk/client-sagemaker-runtime": {
          "optional": true
        },
        "@aws-sdk/client-sfn": {
          "optional": true
        },
        "@aws-sdk/credential-provider-node": {
          "optional": true
        },
        "@aws-sdk/dsql-signer": {
          "optional": true
        },
        "@azure/search-documents": {
          "optional": true
        },
        "@azure/storage-blob": {
          "optional": true
        },
        "@browserbasehq/sdk": {
          "optional": true
        },
        "@clickhouse/client": {
          "optional": true
        },
        "@datastax/astra-db-ts": {
          "optional": true
        },
        "@elastic/elasticsearch": {
          "optional": true
        },
        "@getmetal/metal-sdk": {
          "optional": true
        },
        "@getzep/zep-cloud": {
          "optional": true
        },
        "@getzep/zep-js": {
          "optional": true
        },
        "@gomomento/sdk-core": {
          "optional": true
        },
        "@google-cloud/storage": {
          "optional": true
        },
        "@gradientai/nodejs-sdk": {
          "optional": true
        },
        "@huggingface/inference": {
          "optional": true
        },
        "@huggingface/transformers": {
          "optional": true
        },
        "@lancedb/lancedb": {
          "optional": true
        },
        "@layerup/layerup-security": {
          "optional": true
        },
        "@libsql/client": {
          "optional": true
        },
        "@mendable/firecrawl-js": {
          "optional": true
        },
        "@mlc-ai/web-llm": {
          "optional": true
        },
        "@mozilla/readability": {
          "optional": true
        },
        "@neondatabase/serverless": {
          "optional": true
        },
        "@notionhq/client": {
          "optional": true
        },
        "@opensearch-project/opensearch": {
          "optional": true
        },
        "@pinecone-database/pinecone": {
          "optional": true
        },
        "@planetscale/database": {
          "optional": true
        },
        "@premai/prem-sdk": {
          "optional": true
        },
        "@qdrant/js-client-rest": {
          "optional": true
        },
        "@raycast/api": {
          "optional": true
        },
        "@rockset/client": {
          "optional": true
        },
        "@smithy/eventstream-codec": {
          "optional": true
        },
        "@smithy/protocol-http": {
          "optional": true
        },
        "@smithy/signature-v4": {
          "optional": true
        },
        "@smithy/util-utf8": {
          "optional": true
        },
        "@spider-cloud/spider-client": {
          "optional": true
        },
        "@supabase/supabase-js": {
          "optional": true
        },
        "@tensorflow-models/universal-sentence-encoder": {
          "optional": true
        },
        "@tensorflow/tfjs-core": {
          "optional": true
        },
        "@upstash/ratelimit": {
          "optional": true
        },
        "@upstash/redis": {
          "optional": true
        },
        "@upstash/vector": {
          "optional": true
        },
        "@vercel/kv": {
          "optional": true
        },
        "@vercel/postgres": {
          "optional": true
        },
        "@writerai/writer-sdk": {
          "optional": true
        },
        "@xata.io/client": {
          "optional": true
        },
        "@xenova/transformers": {
          "optional": true
        },
        "@zilliz/milvus2-sdk-node": {
          "optional": true
        },
        "apify-client": {
          "optional": true
        },
        "assemblyai": {
          "optional": true
        },
        "azion": {
          "optional": true
        },
        "better-sqlite3": {
          "optional": true
        },
        "cassandra-driver": {
          "optional": true
        },
        "cborg": {
          "optional": true
        },
        "cheerio": {
          "optional": true
        },
        "chromadb": {
          "optional": true
        },
        "closevector-common": {
          "optional": true
        },
        "closevector-node": {
          "optional": true
        },
        "closevector-web": {
          "optional": true
        },
        "cohere-ai": {
          "optional": true
        },
        "convex": {
          "optional": true
        },
        "couchbase": {
          "optional": true
        },
        "crypto-js": {
          "optional": true
        },
        "d3-dsv": {
          "optional": true
        },
        "discord.js": {
          "optional": true
        },
        "duck-duck-scrape": {
          "optional": true
        },
        "epub2": {
          "optional": true
        },
        "faiss-node": {
          "optional": true
        },
        "fast-xml-parser": {
          "optional": true
        },
        "firebase-admin": {
          "optional": true
        },
        "google-auth-library": {
          "optional": true
        },
        "googleapis": {
          "optional": true
        },
        "hnswlib-node": {
          "optional": true
        },
        "html-to-text": {
          "optional": true
        },
        "ignore": {
          "optional": true
        },
        "interface-datastore": {
          "optional": true
        },
        "ioredis": {
          "optional": true
        },
        "it-all": {
          "optional": true
        },
        "jsdom": {
          "optional": true
        },
        "jsonwebtoken": {
          "optional": true
        },
        "lodash": {
          "optional": true
        },
        "lunary": {
          "optional": true
        },
        "mammoth": {
          "optional": true
        },
        "mariadb": {
          "optional": true
        },
        "mem0ai": {
          "optional": true
        },
        "mongodb": {
          "optional": true
        },
        "mysql2": {
          "optional": true
        },
        "neo4j-driver": {
          "optional": true
        },
        "node-llama-cpp": {
          "optional": true
        },
        "notion-to-md": {
          "optional": true
        },
        "officeparser": {
          "optional": true
        },
        "pdf-parse": {
          "optional": true
        },
        "pg": {
          "optional": true
        },
        "pg-copy-streams": {
          "optional": true
        },
        "pickleparser": {
          "optional": true
        },
        "playwright": {
          "optional": true
        },
        "portkey-ai": {
          "optional": true
        },
        "puppeteer": {
          "optional": true
        },
        "pyodide": {
          "optional": true
        },
        "redis": {
          "optional": true
        },
        "replicate": {
          "optional": true
        },
        "sonix-speech-recognition": {
          "optional": true
        },
        "srt-parser-2": {
          "optional": true
        },
        "typeorm": {
          "optional": true
        },
        "typesense": {
          "optional": true
        },
        "usearch": {
          "optional": true
        },
        "voy-search": {
          "optional": true
        },
        "weaviate-client": {
          "optional": true
        },
        "word-extractor": {
          "optional": true
        },
        "ws": {
          "optional": true
        },
        "youtubei.js": {
          "optional": true
        }
      }
    },
    "../../../../../../../node_modules/.pnpm/@langchain+core@1.2.10_@ope_26113c8bb1617ad08a86f60cf244761a/node_modules/@langchain/core": {
      "version": "1.2.10",
      "license": "MIT",
      "dependencies": {
        "@cfworker/json-schema": "^4.0.2",
        "@standard-schema/spec": "^1.1.0",
        "js-tiktoken": "^1.0.12",
        "langsmith": ">=0.5.0 <1.0.0",
        "mustache": "^4.2.0",
        "p-queue": "^6.6.2",
        "zod": "^3.25.76 || ^4"
      },
      "devDependencies": {
        "@langchain/tsconfig": "0.0.1",
        "@types/mustache": "^4",
        "@types/node": "^26.4.0",
        "dotenv": "^17.4.2",
        "dpdm": "^4.3.0",
        "ml-matrix": "^6.15.0",
        "rimraf": "^6.1.3",
        "typescript": "~7.0.2",
        "vitest": "^4.1.8",
        "web-streams-polyfill": "^4.3.0"
      },
      "engines": {
        "node": ">=20"
      }
    },
    "../../../../../../../node_modules/.pnpm/@langchain+langgraph@1.4.14_cb39285c8c473ef1a7ec32a8290ae9dd/node_modules/@langchain/langgraph": {
      "version": "1.4.14",
      "license": "MIT",
      "dependencies": {
        "@langchain/langgraph-checkpoint": "^1.1.5",
        "@langchain/langgraph-sdk": "~1.10.2",
        "@langchain/protocol": "^0.0.19",
        "@standard-schema/spec": "1.1.0"
      },
      "devDependencies": {
        "@langchain/anthropic": "^1.5.8",
        "@langchain/core": "^1.2.9",
        "@langchain/langgraph-checkpoint-postgres": "1.0.5",
        "@langchain/langgraph-checkpoint-sqlite": "1.0.4",
        "@langchain/openai": "^1.5.10",
        "@langchain/scripts": ">=0.1.3 <0.2.0",
        "@langchain/tavily": "^1.0.0",
        "@swc/core": "^1.3.90",
        "@testing-library/dom": "^10.4.0",
        "@tsconfig/recommended": "^1.0.3",
        "@types/pg": "^8",
        "@vitest/browser": "^4.1.10",
        "@vitest/browser-playwright": "^4.1.10",
        "@xenova/transformers": "^2.17.2",
        "cheerio": "1.0.0-rc.12",
        "dotenv": "^16.3.1",
        "dpdm": "^3.12.0",
        "langchain": "^1.5.10",
        "pg": "^8.13.0",
        "playwright": "^1.55.1",
        "rollup": "^4.62.3",
        "tsx": "^4.19.3",
        "typescript": "^4.9.5 || ^5.4.5",
        "vite-plugin-node-polyfills": "^0.28.0",
        "vitest": "^4.1.10"
      },
      "engines": {
        "node": ">=18"
      },
      "peerDependencies": {
        "@langchain/core": "^1.1.48",
        "zod": "^3.25.32 || ^4.2.0"
      }
    },
    "../../../../../../../node_modules/.pnpm/@langchain+openai@1.5.12_@a_7be1a462df98ea8f1e19fbc024b371c5/node_modules/@langchain/openai": {
      "version": "1.5.12",
      "license": "MIT",
      "dependencies": {
        "js-tiktoken": "^1.0.12",
        "openai": "^7.10.0",
        "zod": "^3.25.76 || ^4"
      },
      "devDependencies": {
        "@azure/identity": "^4.13.2",
        "@cfworker/json-schema": "^4.1.1",
        "@langchain/core": "^1.2.10",
        "@langchain/standard-tests": "0.0.23",
        "@langchain/tsconfig": "0.0.1",
        "@tsconfig/recommended": "^1.0.10",
        "@types/node": "^26.4.0",
        "@vitest/coverage-v8": "^4.1.11",
        "dotenv": "^17.4.2",
        "dpdm": "^4.3.0",
        "rimraf": "^6.1.3",
        "typescript": "~7.0.2",
        "vitest": "^4.1.8",
        "zod-to-json-schema": "^3.25.2"
      },
      "engines": {
        "node": ">=22"
      },
      "peerDependencies": {
        "@langchain/core": "^1.2.10"
      }
    },
    "../../../../../../../node_modules/.pnpm/@langchain+textsplitters@1._d206d690fd24dfe672d8cc82aa8701ce/node_modules/@langchain/textsplitters": {
      "version": "1.0.1",
      "license": "MIT",
      "dependencies": {
        "js-tiktoken": "^1.0.12"
      },
      "devDependencies": {
        "@langchain/core": "1.1.0",
        "@langchain/eslint": "0.1.1",
        "@tsconfig/recommended": "^1.0.3",
        "@vitest/coverage-v8": "^3.2.4",
        "dotenv": "^16.3.1",
        "dpdm": "^3.14.0",
        "eslint": "^9.34.0",
        "prettier": "^2.8.3",
        "rollup": "^4.5.2",
        "typescript": "~5.8.3",
        "vitest": "^3.2.4"
      },
      "engines": {
        "node": ">=20"
      },
      "peerDependencies": {
        "@langchain/core": "^1.0.0"
      }
    },
    "../../../../../../../node_modules/.pnpm/@zilliz+milvus2-sdk-node@3.0.5/node_modules/@zilliz/milvus2-sdk-node": {
      "version": "3.0.5",
      "license": "Apache-2.0",
      "dependencies": {
        "@grpc/grpc-js": "^1.14.4",
        "@grpc/proto-loader": "^0.8.0",
        "@opentelemetry/api": "^1.9.0",
        "@petamoriken/float16": "^3.8.6",
        "@shanghaikid/parquetjs": "1.8.9",
        "dayjs": "^1.11.7",
        "generic-pool": "^3.9.0",
        "lru-cache": "^9.1.2",
        "protobufjs": "^7.6.3",
        "winston": "^3.9.0"
      },
      "devDependencies": {
        "@babel/plugin-transform-modules-commonjs": "^7.21.5",
        "@types/jest": "^29.5.1",
        "@types/node-fetch": "^2.6.8",
        "jest": "^29.5.0",
        "long": "^5.2.3",
        "minio": "^8.0.7",
        "node-fetch": "2",
        "ts-jest": "^29.1.0",
        "ts-node": "^10.9.1",
        "typedoc": "^0.24.7",
        "typescript": "^5.0.4"
      }
    },
    "../../../../../../../node_modules/.pnpm/epub2@3.0.2_ts-toolbelt@9.6.0/node_modules/epub2": {
      "version": "3.0.2",
      "license": "ISC",
      "dependencies": {
        "adm-zip": "^0.5.10",
        "array-hyper-unique": "^2.1.4",
        "bluebird": "^3.7.2",
        "crlf-normalize": "^1.0.19",
        "tslib": "^2.6.2",
        "xml2js": "^0.6.2"
      }
    },
    "../../../../../../../node_modules/.pnpm/html-to-text@10.0.1/node_modules/html-to-text": {
      "version": "10.0.1",
      "license": "MIT",
      "dependencies": {
        "@selderee/plugin-htmlparser2": "~0.12.0",
        "deepmerge-ts": "^8.0.1",
        "dom-serializer": "^2.0.0",
        "htmlparser2": "^10.1.0",
        "selderee": "~0.12.0"
      },
      "engines": {
        "node": ">=20.19.0"
      },
      "funding": {
        "url": "https://github.com/sponsors/KillyMXI"
      }
    },
    "../../../../../../../node_modules/.pnpm/zod@4.6.2/node_modules/zod": {
      "version": "4.6.2",
      "license": "MIT",
      "funding": {
        "url": "https://github.com/sponsors/colinhacks"
      }
    },
    "node_modules/@elastic/elasticsearch": {
      "version": "8.19.2",
      "resolved": "https://registry.npmmirror.com/@elastic/elasticsearch/-/elasticsearch-8.19.2.tgz",
      "integrity": "sha512-LMJCju/+AZkDlJArd/MYABWTDrHi4U7j3qGTKi1hYC7+67SaiYmYFItiueACQVrj2j3ECPMcguZ+7WrZeB+Z5g==",
      "license": "Apache-2.0",
      "dependencies": {
        "@elastic/transport": "^8.9.6",
        "apache-arrow": "18.x - 21.x",
        "tslib": "^2.4.0"
      },
      "engines": {
        "node": ">=20"
      }
    },
    "node_modules/@elastic/transport": {
      "version": "8.11.0",
      "resolved": "https://registry.npmmirror.com/@elastic/transport/-/transport-8.11.0.tgz",
      "integrity": "sha512-1QD1j7gQF8+tVrf+UOcOrLF1LXnhBYwBnNl4xd+fYxkQONjaOjiTcfqXcALHesKezUv8wRzv3tedEnhtYLBmhw==",
      "license": "Apache-2.0",
      "dependencies": {
        "@opentelemetry/api": "1.x",
        "@opentelemetry/core": "2.x",
        "debug": "^4.4.1",
        "hpagent": "^1.2.0",
        "ms": "^2.1.3",
        "secure-json-parse": "^3.0.1",
        "tslib": "^2.8.1",
        "undici": "^6.21.1"
      },
      "engines": {
        "node": ">=18"
      }
    },
    "node_modules/@langchain/community": {
      "resolved": "../../../../../../../node_modules/.pnpm/@langchain+community@1.1.29_3502965e012f90da7f404fb2aec1fb79/node_modules/@langchain/community",
      "link": true
    },
    "node_modules/@langchain/core": {
      "resolved": "../../../../../../../node_modules/.pnpm/@langchain+core@1.2.10_@ope_26113c8bb1617ad08a86f60cf244761a/node_modules/@langchain/core",
      "link": true
    },
    "node_modules/@langchain/langgraph": {
      "resolved": "../../../../../../../node_modules/.pnpm/@langchain+langgraph@1.4.14_cb39285c8c473ef1a7ec32a8290ae9dd/node_modules/@langchain/langgraph",
      "link": true
    },
    "node_modules/@langchain/openai": {
      "resolved": "../../../../../../../node_modules/.pnpm/@langchain+openai@1.5.12_@a_7be1a462df98ea8f1e19fbc024b371c5/node_modules/@langchain/openai",
      "link": true
    },
    "node_modules/@langchain/textsplitters": {
      "resolved": "../../../../../../../node_modules/.pnpm/@langchain+textsplitters@1._d206d690fd24dfe672d8cc82aa8701ce/node_modules/@langchain/textsplitters",
      "link": true
    },
    "node_modules/@opentelemetry/api": {
      "version": "1.9.1",
      "resolved": "https://registry.npmmirror.com/@opentelemetry/api/-/api-1.9.1.tgz",
      "integrity": "sha512-gLyJlPHPZYdAk1JENA9LeHejZe1Ti77/pTeFm/nMXmQH/HFZlcS/O2XJB+L8fkbrNSqhdtlvjBVjxwUYanNH5Q==",
      "license": "Apache-2.0",
      "engines": {
        "node": ">=8.0.0"
      }
    },
    "node_modules/@opentelemetry/core": {
      "version": "2.11.0",
      "resolved": "https://registry.npmmirror.com/@opentelemetry/core/-/core-2.11.0.tgz",
      "integrity": "sha512-7YP44XH0tV6+Mb54x2YGf84i7yi+31MBZlE8JwvozkxyTvXbSp10X7cI7YE49ChJ3shMJoBmCJF3+1QFBJctGA==",
      "license": "Apache-2.0",
      "dependencies": {
        "@opentelemetry/semantic-conventions": "^1.29.0"
      },
      "engines": {
        "node": "^18.19.0 || >=20.6.0"
      },
      "peerDependencies": {
        "@opentelemetry/api": ">=1.0.0 <1.10.0"
      }
    },
    "node_modules/@opentelemetry/semantic-conventions": {
      "version": "1.43.0",
      "resolved": "https://registry.npmmirror.com/@opentelemetry/semantic-conventions/-/semantic-conventions-1.43.0.tgz",
      "integrity": "sha512-eSYWTm620tTk45EKSedaUL8MFYI8hW164hIXsgIHyxu3VobUB3fFCu5t0hQby6OoWRPsG1KkKUG2M5UadiLiVg==",
      "license": "Apache-2.0",
      "engines": {
        "node": ">=14"
      }
    },
    "node_modules/@types/node": {
      "version": "25.9.8",
      "resolved": "https://registry.npmmirror.com/@types/node/-/node-25.9.8.tgz",
      "integrity": "sha512-VfMrScDmMhUJQmd5hArdQnFvK0OIeD36uN2Va1FcpYaLB/BgkgM8Ulc50XtYISPMz7APJ30+N0T5EM0jlcdfRw==",
      "license": "MIT",
      "dependencies": {
        "undici-types": ">=7.24.0 <7.24.7"
      }
    },
    "node_modules/@zilliz/milvus2-sdk-node": {
      "resolved": "../../../../../../../node_modules/.pnpm/@zilliz+milvus2-sdk-node@3.0.5/node_modules/@zilliz/milvus2-sdk-node",
      "link": true
    },
    "node_modules/apache-arrow": {
      "version": "21.2.0",
      "resolved": "https://registry.npmmirror.com/apache-arrow/-/apache-arrow-21.2.0.tgz",
      "integrity": "sha512-Hxe6Agq26gQOM954qpzYSllJBPJl+e16U5CkfuMUhLrNba+5nKkttIVlflaovN6oaTratqMGAO8H5u/aNhmHWQ==",
      "license": "Apache-2.0",
      "dependencies": {
        "@types/node": "^25.2.0",
        "flatbuffers": "^25.1.24",
        "json-with-bigint": "^3.5.3",
        "tslib": "^2.6.2"
      },
      "bin": {
        "arrow2csv": "bin/arrow2csv.js"
      }
    },
    "node_modules/debug": {
      "version": "4.4.3",
      "resolved": "https://registry.npmmirror.com/debug/-/debug-4.4.3.tgz",
      "integrity": "sha512-RGwwWnwQvkVfavKVt22FGLw+xYSdzARwm0ru6DhTVA3umU5hZc28V3kO4stgYryrTlLpuvgI9GiijltAjNbcqA==",
      "license": "MIT",
      "dependencies": {
        "ms": "^2.1.3"
      },
      "engines": {
        "node": ">=6.0"
      },
      "peerDependenciesMeta": {
        "supports-color": {
          "optional": true
        }
      }
    },
    "node_modules/epub2": {
      "resolved": "../../../../../../../node_modules/.pnpm/epub2@3.0.2_ts-toolbelt@9.6.0/node_modules/epub2",
      "link": true
    },
    "node_modules/flatbuffers": {
      "version": "25.9.23",
      "resolved": "https://registry.npmmirror.com/flatbuffers/-/flatbuffers-25.9.23.tgz",
      "integrity": "sha512-MI1qs7Lo4Syw0EOzUl0xjs2lsoeqFku44KpngfIduHBYvzm8h2+7K8YMQh1JtVVVrUvhLpNwqVi4DERegUJhPQ==",
      "license": "Apache-2.0"
    },
    "node_modules/hpagent": {
      "version": "1.2.0",
      "resolved": "https://registry.npmmirror.com/hpagent/-/hpagent-1.2.0.tgz",
      "integrity": "sha512-A91dYTeIB6NoXG+PxTQpCCDDnfHsW9kc06Lvpu1TEe9gnd6ZFeiBoRO9JvzEv6xK7EX97/dUE8g/vBMTqTS3CA==",
      "license": "MIT",
      "engines": {
        "node": ">=14"
      }
    },
    "node_modules/html-to-text": {
      "resolved": "../../../../../../../node_modules/.pnpm/html-to-text@10.0.1/node_modules/html-to-text",
      "link": true
    },
    "node_modules/json-with-bigint": {
      "version": "3.5.12",
      "resolved": "https://registry.npmmirror.com/json-with-bigint/-/json-with-bigint-3.5.12.tgz",
      "integrity": "sha512-uwbF/wSSuOgC7qqlq27Xp5B6a2MHVug3t0idZdTqu0JnlFvgJuH7ju+KAk/J06C7GfhoYy2gnb9wz2INqcne7w==",
      "license": "MIT"
    },
    "node_modules/ms": {
      "version": "2.1.3",
      "resolved": "https://registry.npmmirror.com/ms/-/ms-2.1.3.tgz",
      "integrity": "sha512-6FlzubTLZG3J2a/NVCAleEhjzq5oxgHyaCU9yYXvcLsvoVaHJq/s5xXI6/XXP6tz7R9xAOtHnSO/tXtF3WRTlA==",
      "license": "MIT"
    },
    "node_modules/secure-json-parse": {
      "version": "3.0.2",
      "resolved": "https://registry.npmmirror.com/secure-json-parse/-/secure-json-parse-3.0.2.tgz",
      "integrity": "sha512-H6nS2o8bWfpFEV6U38sOSjS7bTbdgbCGU9wEM6W14P5H0QOsz94KCusifV44GpHDTu2nqZbuDNhTzu+mjDSw1w==",
      "funding": [
        {
          "type": "github",
          "url": "https://github.com/sponsors/fastify"
        },
        {
          "type": "opencollective",
          "url": "https://opencollective.com/fastify"
        }
      ],
      "license": "BSD-3-Clause"
    },
    "node_modules/tslib": {
      "version": "2.8.1",
      "resolved": "https://registry.npmmirror.com/tslib/-/tslib-2.8.1.tgz",
      "integrity": "sha512-oJFu94HQb+KVduSUQL7wnpmqnfmLsOA/nAh6b6EH0wCEoK0/mPeXU6c3wKDV83MkOuHPRHtSXKKU99IBazS/2w==",
      "license": "0BSD"
    },
    "node_modules/undici": {
      "version": "6.28.1",
      "resolved": "https://registry.npmmirror.com/undici/-/undici-6.28.1.tgz",
      "integrity": "sha512-zWpdTVD54H48CIybL0rWQ3ukpb9d23wM7eH5RtfdmeP70cWHNjtfo7P4vZX+5CoDcO53J4Pu5uXp7lNfjc6DRA==",
      "license": "MIT",
      "engines": {
        "node": ">=18.17"
      }
    },
    "node_modules/undici-types": {
      "version": "7.24.6",
      "resolved": "https://registry.npmmirror.com/undici-types/-/undici-types-7.24.6.tgz",
      "integrity": "sha512-WRNW+sJgj5OBN4/0JpHFqtqzhpbnV0GuB+OozA9gCL7a993SmU+1JBZCzLNxYsbMfIeDL+lTsphD5jN5N+n0zg==",
      "license": "MIT"
    },
    "node_modules/zod": {
      "resolved": "../../../../../../../node_modules/.pnpm/zod@4.6.2/node_modules/zod",
      "link": true
    }
  }
}
